
Microsoft Visual Studio Solution File, Format Version 12.00
# Visual Studio 15
VisualStudioVersion = 15.0.27703.2035
MinimumVisualStudioVersion = 10.0.40219.1
Project("{9092AA53-FB77-4645-B42D-1CCCA6BD08BD}") = "vue-svg", "vue-svg.njsproj", "{31D7391E-DCB8-4C2B-8C51-E574D0FCCF63}"
EndProject
Project("{2150E333-8FDC-42A3-9474-1A3956D46DE8}") = "Solution Items", "Solution Items", "{F897BFF9-419E-4E63-B63D-F6A4FF787AAE}"
	ProjectSection(SolutionItems) = preProject
		.gitignore = .gitignore
		LICENSE = LICENSE
	EndProjectSection
EndProject
Global
	GlobalSection(SolutionConfigurationPlatforms) = preSolution
		Debug|Any CPU = Debug|Any CPU
		Release|Any CPU = Release|Any CPU
	EndGlobalSection
	GlobalSection(ProjectConfigurationPlatforms) = postSolution
		{31D7391E-DCB8-4C2B-8C51-E574D0FCCF63}.Debug|Any CPU.ActiveCfg = Debug|Any CPU
		{31D7391E-DCB8-4C2B-8C51-E574D0FCCF63}.Debug|Any CPU.Build.0 = Debug|Any CPU
		{31D7391E-DCB8-4C2B-8C51-E574D0FCCF63}.Release|Any CPU.ActiveCfg = Release|Any CPU
		{31D7391E-DCB8-4C2B-8C51-E574D0FCCF63}.Release|Any CPU.Build.0 = Release|Any CPU
	EndGlobalSection
	GlobalSection(SolutionProperties) = preSolution
		HideSolutionNode = FALSE
	EndGlobalSection
	GlobalSection(ExtensibilityGlobals) = postSolution
		SolutionGuid = {0A818CE9-8C24-4BC3-AFFD-37E0500719C8}
	EndGlobalSection
EndGlobal
